
Microsoft Visual Studio Solution File, Format Version 12.00
# Visual Studio Version 16
VisualStudioVersion = 16.0.28803.452
MinimumVisualStudioVersion = 10.0.40219.1
Project("{FAE04EC0-301F-11D3-BF4B-00C04F79EFBC}") = "MGT_Exchange_Client", "MGT_Exchange_Client\MGT_Exchange_Client.csproj", "{1D61EA26-D7B0-4D5C-A4AD-2112DAA756FC}"
EndProject
Project("{FAE04EC0-301F-11D3-BF4B-00C04F79EFBC}") = "MGT_Exchange_ClientNUnitTest", "MGT_Exchange_ClientNUnitTest\MGT_Exchange_ClientNUnitTest.csproj", "{B1CD8075-B6F7-433D-9F70-E2ACFC120AA3}"
EndProject
Global
	GlobalSection(SolutionConfigurationPlatforms) = preSolution
		Debug|Any CPU = Debug|Any CPU
		Release|Any CPU = Release|Any CPU
	EndGlobalSection
	GlobalSection(ProjectConfigurationPlatforms) = postSolution
		{1D61EA26-D7B0-4D5C-A4AD-2112DAA756FC}.Debug|Any CPU.ActiveCfg = Debug|Any CPU
		{1D61EA26-D7B0-4D5C-A4AD-2112DAA756FC}.Debug|Any CPU.Build.0 = Debug|Any CPU
		{1D61EA26-D7B0-4D5C-A4AD-2112DAA756FC}.Release|Any CPU.ActiveCfg = Release|Any CPU
		{1D61EA26-D7B0-4D5C-A4AD-2112DAA756FC}.Release|Any CPU.Build.0 = Release|Any CPU
		{B1CD8075-B6F7-433D-9F70-E2ACFC120AA3}.Debug|Any CPU.ActiveCfg = Debug|Any CPU
		{B1CD8075-B6F7-433D-9F70-E2ACFC120AA3}.Debug|Any CPU.Build.0 = Debug|Any CPU
		{B1CD8075-B6F7-433D-9F70-E2ACFC120AA3}.Release|Any CPU.ActiveCfg = Release|Any CPU
		{B1CD8075-B6F7-433D-9F70-E2ACFC120AA3}.Release|Any CPU.Build.0 = Release|Any CPU
	EndGlobalSection
	GlobalSection(SolutionProperties) = preSolution
		HideSolutionNode = FALSE
	EndGlobalSection
	GlobalSection(ExtensibilityGlobals) = postSolution
		SolutionGuid = {FFB4C224-9DCA-4A56-A43B-ED40D82E513B}
	EndGlobalSection
EndGlobal
